
Microsoft Visual Studio Solution File, Format Version 12.00
# Visual Studio Version 17
VisualStudioVersion = 17.1.32228.430
MinimumVisualStudioVersion = 10.0.40219.1
Project("{FAE04EC0-301F-11D3-BF4B-00C04F79EFBC}") = "hw_m2", "hw_m2\hw_m2.csproj", "{0457935B-2FDF-4159-A402-004854C4D438}"
EndProject
Global
	GlobalSection(SolutionConfigurationPlatforms) = preSolution
		Debug|Any CPU = Debug|Any CPU
		Release|Any CPU = Release|Any CPU
	EndGlobalSection
	GlobalSection(ProjectConfigurationPlatforms) = postSolution
		{0457935B-2FDF-4159-A402-004854C4D438}.Debug|Any CPU.ActiveCfg = Debug|Any CPU
		{0457935B-2FDF-4159-A402-004854C4D438}.Debug|Any CPU.Build.0 = Debug|Any CPU
		{0457935B-2FDF-4159-A402-004854C4D438}.Release|Any CPU.ActiveCfg = Release|Any CPU
		{0457935B-2FDF-4159-A402-004854C4D438}.Release|Any CPU.Build.0 = Release|Any CPU
	EndGlobalSection
	GlobalSection(SolutionProperties) = preSolution
		HideSolutionNode = FALSE
	EndGlobalSection
	GlobalSection(ExtensibilityGlobals) = postSolution
		SolutionGuid = {5FAD7FD0-3441-4444-BA3F-0B392D7E294F}
	EndGlobalSection
EndGlobal
